// !$*UTF8*$!
{
	archiveVersion = 1;
	classes = {
	};
	objectVersion = 50;
	objects = {

/* Begin PBXBuildFile section */
		C4DF875B2139671687CB12B6 /* Pods_CoopMan.framework in Frameworks */ = {isa = PBXBuildFile; fileRef = E1099493A3A7CA9E9CEE639F /* Pods_CoopMan.framework */; };
		D56881C321B234EB00A51A8F /* AppDelegate.swift in Sources */ = {isa = PBXBuildFile; fileRef = D56881C221B234EB00A51A8F /* AppDelegate.swift */; };
		D56881C521B234EB00A51A8F /* ViewController.swift in Sources */ = {isa = PBXBuildFile; fileRef = D56881C421B234EB00A51A8F /* ViewController.swift */; };
		D56881C821B234EB00A51A8F /* Main.storyboard in Resources */ = {isa = PBXBuildFile; fileRef = D56881C621B234EB00A51A8F /* Main.storyboard */; };
		D56881CA21B234EB00A51A8F /* Assets.xcassets in Resources */ = {isa = PBXBuildFile; fileRef = D56881C921B234EB00A51A8F /* Assets.xcassets */; };
		D56881CD21B234EB00A51A8F /* LaunchScreen.storyboard in Resources */ = {isa = PBXBuildFile; fileRef = D56881CB21B234EB00A51A8F /* LaunchScreen.storyboard */; };
/* End PBXBuildFile section */

/* Begin PBXFileReference section */
		8DC740AD40D1BE937FA7C4E1 /* Pods-CoopMan.debug.xcconfig */ = {isa = PBXFileReference; includeInIndex = 1; lastKnownFileType = text.xcconfig; name = "Pods-CoopMan.debug.xcconfig"; path = "Target Support Files/Pods-CoopMan/Pods-CoopMan.debug.xcconfig"; sourceTree = "<group>"; };
		9B9D91A8314A2910B3D0CAFE /* Pods-CoopMan.release.xcconfig */ = {isa = PBXFileReference; includeInIndex = 1; lastKnownFileType = text.xcconfig; name = "Pods-CoopMan.release.xcconfig"; path = "Target Support Files/Pods-CoopMan/Pods-CoopMan.release.xcconfig"; sourceTree = "<group>"; };
		D56881BF21B234EA00A51A8F /* CoopMan.app */ = {isa = PBXFileReference; explicitFileType = wrapper.application; includeInIndex = 0; path = CoopMan.app; sourceTree = BUILT_PRODUCTS_DIR; };
		D56881C221B234EB00A51A8F /* AppDelegate.swift */ = {isa = PBXFileReference; lastKnownFileType = sourcecode.swift; path = AppDelegate.swift; sourceTree = "<group>"; };
		D56881C421B234EB00A51A8F /* ViewController.swift */ = {isa = PBXFileReference; lastKnownFileType = sourcecode.swift; path = ViewController.swift; sourceTree = "<group>"; };
		D56881C721B234EB00A51A8F /* Base */ = {isa = PBXFileReference; lastKnownFileType = file.storyboard; name = Base; path = Base.lproj/Main.storyboard; sourceTree = "<group>"; };
		D56881C921B234EB00A51A8F /* Assets.xcassets */ = {isa = PBXFileReference; lastKnownFileType = folder.assetcatalog; path = Assets.xcassets; sourceTree = "<group>"; };
		D56881CC21B234EB00A51A8F /* Base */ = {isa = PBXFileReference; lastKnownFileType = file.storyboard; name = Base; path = Base.lproj/LaunchScreen.storyboard; sourceTree = "<group>"; };
		D56881CE21B234EB00A51A8F /* Info.plist */ = {isa = PBXFileReference; lastKnownFileType = text.plist.xml; path = Info.plist; sourceTree = "<group>"; };
		E1099493A3A7CA9E9CEE639F /* Pods_CoopMan.framework */ = {isa = PBXFileReference; explicitFileType = wrapper.framework; includeInIndex = 0; path = Pods_CoopMan.framework; sourceTree = BUILT_PRODUCTS_DIR; };
/* End PBXFileReference section */

/* Begin PBXFrameworksBuildPhase section */
		D56881BC21B234EA00A51A8F /* Frameworks */ = {
			isa = PBXFrameworksBuildPhase;
			buildActionMask = 2147483647;
			files = (
				C4DF875B2139671687CB12B6 /* Pods_CoopMan.framework in Frameworks */,
			);
			runOnlyForDeploymentPostprocessing = 0;
		};
/* End PBXFrameworksBuildPhase section */

/* Begin PBXGroup section */
		CC78A1339BD9F7F09E6E79F8 /* Frameworks */ = {
			isa = PBXGroup;
			children = (
				E1099493A3A7CA9E9CEE639F /* Pods_CoopMan.framework */,
			);
			name = Frameworks;
			sourceTree = "<group>";
		};
		D518159121B2557500FEC9CE /* Storyboards */ = {
			isa = PBXGroup;
			children = (
				D56881C621B234EB00A51A8F /* Main.storyboard */,
				D56881CB21B234EB00A51A8F /* LaunchScreen.storyboard */,
			);
			path = Storyboards;
			sourceTree = "<group>";
		};
		D518159221B2559400FEC9CE /* Views */ = {
			isa = PBXGroup;
			children = (
				D56881C421B234EB00A51A8F /* ViewController.swift */,
			);
			path = Views;
			sourceTree = "<group>";
		};
		D518159321B255AE00FEC9CE /* Helpers */ = {
			isa = PBXGroup;
			children = (
				D56881C921B234EB00A51A8F /* Assets.xcassets */,
				D56881CE21B234EB00A51A8F /* Info.plist */,
			);
			path = Helpers;
			sourceTree = "<group>";
		};
		D56881B621B234EA00A51A8F = {
			isa = PBXGroup;
			children = (
				D56881C121B234EA00A51A8F /* CoopMan */,
				D56881C021B234EA00A51A8F /* Products */,
				EC1362FABCE17F7A1CEBBBC4 /* Pods */,
				CC78A1339BD9F7F09E6E79F8 /* Frameworks */,
			);
			sourceTree = "<group>";
		};
		D56881C021B234EA00A51A8F /* Products */ = {
			isa = PBXGroup;
			children = (
				D56881BF21B234EA00A51A8F /* CoopMan.app */,
			);
			name = Products;
			sourceTree = "<group>";
		};
		D56881C121B234EA00A51A8F /* CoopMan */ = {
			isa = PBXGroup;
			children = (
				D56881C221B234EB00A51A8F /* AppDelegate.swift */,
				D518159121B2557500FEC9CE /* Storyboards */,
				D518159221B2559400FEC9CE /* Views */,
				D518159321B255AE00FEC9CE /* Helpers */,
			);
			path = CoopMan;
			sourceTree = "<group>";
		};
		EC1362FABCE17F7A1CEBBBC4 /* Pods */ = {
			isa = PBXGroup;
			children = (
				8DC740AD40D1BE937FA7C4E1 /* Pods-CoopMan.debug.xcconfig */,
				9B9D91A8314A2910B3D0CAFE /* Pods-CoopMan.release.xcconfig */,
			);
			path = Pods;
			sourceTree = "<group>";
		};
/* End PBXGroup section */

/* Begin PBXNativeTarget section */
		D56881BE21B234EA00A51A8F /* CoopMan */ = {
			isa = PBXNativeTarget;
			buildConfigurationList = D56881D121B234EB00A51A8F /* Build configuration list for PBXNativeTarget "CoopMan" */;
			buildPhases = (
				2B10FB82FA13CDE6062AEB4A /* [CP] Check Pods Manifest.lock */,
				D56881BB21B234EA00A51A8F /* Sources */,
				D56881BC21B234EA00A51A8F /* Frameworks */,
				D56881BD21B234EA00A51A8F /* Resources */,
				54822B6EB1FD962DFDF708B0 /* [CP] Embed Pods Frameworks */,
			);
			buildRules = (
			);
			dependencies = (
			);
			name = CoopMan;
			productName = CoopMan;
			productReference = D56881BF21B234EA00A51A8F /* CoopMan.app */;
			productType = "com.apple.product-type.application";
		};
/* End PBXNativeTarget section */

/* Begin PBXProject section */
		D56881B721B234EA00A51A8F /* Project object */ = {
			isa = PBXProject;
			attributes = {
				LastSwiftUpdateCheck = 1010;
				LastUpgradeCheck = 1010;
				ORGANIZATIONNAME = "Francis Breidenbach";
				TargetAttributes = {
					D56881BE21B234EA00A51A8F = {
						CreatedOnToolsVersion = 10.1;
					};
				};
			};
			buildConfigurationList = D56881BA21B234EA00A51A8F /* Build configuration list for PBXProject "CoopMan" */;
			compatibilityVersion = "Xcode 9.3";
			developmentRegion = en;
			hasScannedForEncodings = 0;
			knownRegions = (
				en,
				Base,
			);
			mainGroup = D56881B621B234EA00A51A8F;
			productRefGroup = D56881C021B234EA00A51A8F /* Products */;
			projectDirPath = "";
			projectRoot = "";
			targets = (
				D56881BE21B234EA00A51A8F /* CoopMan */,
			);
		};
/* End PBXProject section */

/* Begin PBXResourcesBuildPhase section */
		D56881BD21B234EA00A51A8F /* Resources */ = {
			isa = PBXResourcesBuildPhase;
			buildActionMask = 2147483647;
			files = (
				D56881CD21B234EB00A51A8F /* LaunchScreen.storyboard in Resources */,
				D56881CA21B234EB00A51A8F /* Assets.xcassets in Resources */,
				D56881C821B234EB00A51A8F /* Main.storyboard in Resources */,
			);
			runOnlyForDeploymentPostprocessing = 0;
		};
/* End PBXResourcesBuildPhase section */

/* Begin PBXShellScriptBuildPhase section */
		2B10FB82FA13CDE6062AEB4A /* [CP] Check Pods Manifest.lock */ = {
			isa = PBXShellScriptBuildPhase;
			buildActionMask = 2147483647;
			files = (
			);
			inputFileListPaths = (
			);
			inputPaths = (
				"${PODS_PODFILE_DIR_PATH}/Podfile.lock",
				"${PODS_ROOT}/Manifest.lock",
			);
			name = "[CP] Check Pods Manifest.lock";
			outputFileListPaths = (
			);
			outputPaths = (
				"$(DERIVED_FILE_DIR)/Pods-CoopMan-checkManifestLockResult.txt",
			);
			runOnlyForDeploymentPostprocessing = 0;
			shellPath = /bin/sh;
			shellScript = "diff \"${PODS_PODFILE_DIR_PATH}/Podfile.lock\" \"${PODS_ROOT}/Manifest.lock\" > /dev/null\nif [ $? != 0 ] ; then\n    # print error to STDERR\n    echo \"error: The sandbox is not in sync with the Podfile.lock. Run 'pod install' or update your CocoaPods installation.\" >&2\n    exit 1\nfi\n# This output is used by Xcode 'outputs' to avoid re-running this script phase.\necho \"SUCCESS\" > \"${SCRIPT_OUTPUT_FILE_0}\"\n";
			showEnvVarsInLog = 0;
		};
		54822B6EB1FD962DFDF708B0 /* [CP] Embed Pods Frameworks */ = {
			isa = PBXShellScriptBuildPhase;
			buildActionMask = 2147483647;
			files = (
			);
			inputFileListPaths = (
			);
			inputPaths = (
				"${PODS_ROOT}/Target Support Files/Pods-CoopMan/Pods-CoopMan-frameworks.sh",
				"${BUILT_PRODUCTS_DIR}/Alamofire/Alamofire.framework",
				"${BUILT_PRODUCTS_DIR}/Realm/Realm.framework",
				"${BUILT_PRODUCTS_DIR}/RealmSwift/RealmSwift.framework",
				"${BUILT_PRODUCTS_DIR}/SwiftyJSON/SwiftyJSON.framework",
			);
			name = "[CP] Embed Pods Frameworks";
			outputFileListPaths = (
			);
			outputPaths = (
				"${TARGET_BUILD_DIR}/${FRAMEWORKS_FOLDER_PATH}/Alamofire.framework",
				"${TARGET_BUILD_DIR}/${FRAMEWORKS_FOLDER_PATH}/Realm.framework",
				"${TARGET_BUILD_DIR}/${FRAMEWORKS_FOLDER_PATH}/RealmSwift.framework",
				"${TARGET_BUILD_DIR}/${FRAMEWORKS_FOLDER_PATH}/SwiftyJSON.framework",
			);
			runOnlyForDeploymentPostprocessing = 0;
			shellPath = /bin/sh;
			shellScript = "\"${PODS_ROOT}/Target Support Files/Pods-CoopMan/Pods-CoopMan-frameworks.sh\"\n";
			showEnvVarsInLog = 0;
		};
/* End PBXShellScriptBuildPhase section */

/* Begin PBXSourcesBuildPhase section */
		D56881BB21B234EA00A51A8F /* Sources */ = {
			isa = PBXSourcesBuildPhase;
			buildActionMask = 2147483647;
			files = (
				D56881C521B234EB00A51A8F /* ViewController.swift in Sources */,
				D56881C321B234EB00A51A8F /* AppDelegate.swift in Sources */,
			);
			runOnlyForDeploymentPostprocessing = 0;
		};
/* End PBXSourcesBuildPhase section */

/* Begin PBXVariantGroup section */
		D56881C621B234EB00A51A8F /* Main.storyboard */ = {
			isa = PBXVariantGroup;
			children = (
				D56881C721B234EB00A51A8F /* Base */,
			);
			name = Main.storyboard;
			sourceTree = "<group>";
		};
		D56881CB21B234EB00A51A8F /* LaunchScreen.storyboard */ = {
			isa = PBXVariantGroup;
			children = (
				D56881CC21B234EB00A51A8F /* Base */,
			);
			name = LaunchScreen.storyboard;
			sourceTree = "<group>";
		};
/* End PBXVariantGroup section */

/* Begin XCBuildConfiguration section */
		D56881CF21B234EB00A51A8F /* Debug */ = {
			isa = XCBuildConfiguration;
			buildSettings = {
				ALWAYS_SEARCH_USER_PATHS = NO;
				CLANG_ANALYZER_NONNULL = YES;
				CLANG_ANALYZER_NUMBER_OBJECT_CONVERSION = YES_AGGRESSIVE;
				CLANG_CXX_LANGUAGE_STANDARD = "gnu++14";
				CLANG_CXX_LIBRARY = "libc++";
				CLANG_ENABLE_MODULES = YES;
				CLANG_ENABLE_OBJC_ARC = YES;
				CLANG_ENABLE_OBJC_WEAK = YES;
				CLANG_WARN_BLOCK_CAPTURE_AUTORELEASING = YES;
				CLANG_WARN_BOOL_CONVERSION = YES;
				CLANG_WARN_COMMA = YES;
				CLANG_WARN_CONSTANT_CONVERSION = YES;
				CLANG_WARN_DEPRECATED_OBJC_IMPLEMENTATIONS = YES;
				CLANG_WARN_DIRECT_OBJC_ISA_USAGE = YES_ERROR;
				CLANG_WARN_DOCUMENTATION_COMMENTS = YES;
				CLANG_WARN_EMPTY_BODY = YES;
				CLANG_WARN_ENUM_CONVERSION = YES;
				CLANG_WARN_INFINITE_RECURSION = YES;
				CLANG_WARN_INT_CONVERSION = YES;
				CLANG_WARN_NON_LITERAL_NULL_CONVERSION = YES;
				CLANG_WARN_OBJC_IMPLICIT_RETAIN_SELF = YES;
				CLANG_WARN_OBJC_LITERAL_CONVERSION = YES;
				CLANG_WARN_OBJC_ROOT_CLASS = YES_ERROR;
				CLANG_WARN_RANGE_LOOP_ANALYSIS = YES;
				CLANG_WARN_STRICT_PROTOTYPES = YES;
				CLANG_WARN_SUSPICIOUS_MOVE = YES;
				CLANG_WARN_UNGUARDED_AVAILABILITY = YES_AGGRESSIVE;
				CLANG_WARN_UNREACHABLE_CODE = YES;
				CLANG_WARN__DUPLICATE_METHOD_MATCH = YES;
				CODE_SIGN_IDENTITY = "iPhone Developer";
				COPY_PHASE_STRIP = NO;
				DEBUG_INFORMATION_FORMAT = dwarf;
				ENABLE_STRICT_OBJC_MSGSEND = YES;
				ENABLE_TESTABILITY = YES;
				GCC_C_LANGUAGE_STANDARD = gnu11;
				GCC_DYNAMIC_NO_PIC = NO;
				GCC_NO_COMMON_BLOCKS = YES;
				GCC_OPTIMIZATION_LEVEL = 0;
				GCC_PREPROCESSOR_DEFINITIONS = (
					"DEBUG=1",
					"$(inherited)",
				);
				GCC_WARN_64_TO_32_BIT_CONVERSION = YES;
				GCC_WARN_ABOUT_RETURN_TYPE = YES_ERROR;
				GCC_WARN_UNDECLARED_SELECTOR = YES;
				GCC_WARN_UNINITIALIZED_AUTOS = YES_AGGRESSIVE;
				GCC_WARN_UNUSED_FUNCTION = YES;
				GCC_WARN_UNUSED_VARIABLE = YES;
				IPHONEOS_DEPLOYMENT_TARGET = 12.1;
				MTL_ENABLE_DEBUG_INFO = INCLUDE_SOURCE;
				MTL_FAST_MATH = YES;
				ONLY_ACTIVE_ARCH = YES;
				SDKROOT = iphoneos;
				SWIFT_ACTIVE_COMPILATION_CONDITIONS = DEBUG;
				SWIFT_OPTIMIZATION_LEVEL = "-Onone";
			};
			name = Debug;
		};
		D56881D021B234EB00A51A8F /* Release */ = {
			isa = XCBuildConfiguration;
			buildSettings = {
				ALWAYS_SEARCH_USER_PATHS = NO;
				CLANG_ANALYZER_NONNULL = YES;
				CLANG_ANALYZER_NUMBER_OBJECT_CONVERSION = YES_AGGRESSIVE;
				CLANG_CXX_LANGUAGE_STANDARD = "gnu++14";
				CLANG_CXX_LIBRARY = "libc++";
				CLANG_ENABLE_MODULES = YES;
				CLANG_ENABLE_OBJC_ARC = YES;
				CLANG_ENABLE_OBJC_WEAK = YES;
				CLANG_WARN_BLOCK_CAPTURE_AUTORELEASING = YES;
				CLANG_WARN_BOOL_CONVERSION = YES;
				CLANG_WARN_COMMA = YES;
				CLANG_WARN_CONSTANT_CONVERSION = YES;
				CLANG_WARN_DEPRECATED_OBJC_IMPLEMENTATIONS = YES;
				CLANG_WARN_DIRECT_OBJC_ISA_USAGE = YES_ERROR;
				CLANG_WARN_DOCUMENTATION_COMMENTS = YES;
				CLANG_WARN_EMPTY_BODY = YES;
				CLANG_WARN_ENUM_CONVERSION = YES;
				CLANG_WARN_INFINITE_RECURSION = YES;
				CLANG_WARN_INT_CONVERSION = YES;
				CLANG_WARN_NON_LITERAL_NULL_CONVERSION = YES;
				CLANG_WARN_OBJC_IMPLICIT_RETAIN_SELF = YES;
				CLANG_WARN_OBJC_LITERAL_CONVERSION = YES;
				CLANG_WARN_OBJC_ROOT_CLASS = YES_ERROR;
				CLANG_WARN_RANGE_LOOP_ANALYSIS = YES;
				CLANG_WARN_STRICT_PROTOTYPES = YES;
				CLANG_WARN_SUSPICIOUS_MOVE = YES;
				CLANG_WARN_UNGUARDED_AVAILABILITY = YES_AGGRESSIVE;
				CLANG_WARN_UNREACHABLE_CODE = YES;
				CLANG_WARN__DUPLICATE_METHOD_MATCH = YES;
				CODE_SIGN_IDENTITY = "iPhone Developer";
				COPY_PHASE_STRIP = NO;
				DEBUG_INFORMATION_FORMAT = "dwarf-with-dsym";
				ENABLE_NS_ASSERTIONS = NO;
				ENABLE_STRICT_OBJC_MSGSEND = YES;
				GCC_C_LANGUAGE_STANDARD = gnu11;
				GCC_NO_COMMON_BLOCKS = YES;
				GCC_WARN_64_TO_32_BIT_CONVERSION = YES;
				GCC_WARN_ABOUT_RETURN_TYPE = YES_ERROR;
				GCC_WARN_UNDECLARED_SELECTOR = YES;
				GCC_WARN_UNINITIALIZED_AUTOS = YES_AGGRESSIVE;
				GCC_WARN_UNUSED_FUNCTION = YES;
				GCC_WARN_UNUSED_VARIABLE = YES;
				IPHONEOS_DEPLOYMENT_TARGET = 12.1;
				MTL_ENABLE_DEBUG_INFO = NO;
				MTL_FAST_MATH = YES;
				SDKROOT = iphoneos;
				SWIFT_COMPILATION_MODE = wholemodule;
				SWIFT_OPTIMIZATION_LEVEL = "-O";
				VALIDATE_PRODUCT = YES;
			};
			name = Release;
		};
		D56881D221B234EB00A51A8F /* Debug */ = {
			isa = XCBuildConfiguration;
			baseConfigurationReference = 8DC740AD40D1BE937FA7C4E1 /* Pods-CoopMan.debug.xcconfig */;
			buildSettings = {
				ASSETCATALOG_COMPILER_APPICON_NAME = AppIcon;
				CODE_SIGN_STYLE = Automatic;
				DEVELOPMENT_TEAM = WA3KPNE52J;
				INFOPLIST_FILE = CoopMan/Info.plist;
				LD_RUNPATH_SEARCH_PATHS = (
					"$(inherited)",
					"@executable_path/Frameworks",
				);
				PRODUCT_BUNDLE_IDENTIFIER = com.fbreidenbach.CoopMan;
				PRODUCT_NAME = "$(TARGET_NAME)";
				SWIFT_VERSION = 4.2;
				TARGETED_DEVICE_FAMILY = "1,2";
			};
			name = Debug;
		};
		D56881D321B234EB00A51A8F /* Release */ = {
			isa = XCBuildConfiguration;
			baseConfigurationReference = 9B9D91A8314A2910B3D0CAFE /* Pods-CoopMan.release.xcconfig */;
			buildSettings = {
				ASSETCATALOG_COMPILER_APPICON_NAME = AppIcon;
				CODE_SIGN_STYLE = Automatic;
				DEVELOPMENT_TEAM = WA3KPNE52J;
				INFOPLIST_FILE = CoopMan/Info.plist;
				LD_RUNPATH_SEARCH_PATHS = (
					"$(inherited)",
					"@executable_path/Frameworks",
				);
				PRODUCT_BUNDLE_IDENTIFIER = com.fbreidenbach.CoopMan;
				PRODUCT_NAME = "$(TARGET_NAME)";
				SWIFT_VERSION = 4.2;
				TARGETED_DEVICE_FAMILY = "1,2";
			};
			name = Release;
		};
/* End XCBuildConfiguration section */

/* Begin XCConfigurationList section */
		D56881BA21B234EA00A51A8F /* Build configuration list for PBXProject "CoopMan" */ = {
			isa = XCConfigurationList;
			buildConfigurations = (
				D56881CF21B234EB00A51A8F /* Debug */,
				D56881D021B234EB00A51A8F /* Release */,
			);
			defaultConfigurationIsVisible = 0;
			defaultConfigurationName = Release;
		};
		D56881D121B234EB00A51A8F /* Build configuration list for PBXNativeTarget "CoopMan" */ = {
			isa = XCConfigurationList;
			buildConfigurations = (
				D56881D221B234EB00A51A8F /* Debug */,
				D56881D321B234EB00A51A8F /* Release */,
			);
			defaultConfigurationIsVisible = 0;
			defaultConfigurationName = Release;
		};
/* End XCConfigurationList section */
	};
	rootObject = D56881B721B234EA00A51A8F /* Project object */;
}
